
Microsoft Visual Studio Solution File, Format Version 12.00
# Visual Studio Version 16
VisualStudioVersion = 16.0.30204.135
MinimumVisualStudioVersion = 10.0.40219.1
Project("{2150E333-8FDC-42A3-9474-1A3956D46DE8}") = "1 - Services", "1 - Services", "{CB5CD992-4391-4C77-A8F8-8921E85E1A27}"
EndProject
Project("{2150E333-8FDC-42A3-9474-1A3956D46DE8}") = "2 - Application", "2 - Application", "{5A9D4373-C8BB-4487-A6C8-DC9E4B8E674A}"
EndProject
Project("{2150E333-8FDC-42A3-9474-1A3956D46DE8}") = "3 - Domain", "3 - Domain", "{F3F7A537-12F1-4A51-8D19-0D4ABB9C8AC6}"
EndProject
Project("{2150E333-8FDC-42A3-9474-1A3956D46DE8}") = "4 - Infrastructure", "4 - Infrastructure", "{BBDE2C66-004B-4F3D-84CA-2CE1740DCA01}"
EndProject
Project("{FAE04EC0-301F-11D3-BF4B-00C04F79EFBC}") = "OdontoSys.API", "OdontoSys.API\OdontoSys.API.csproj", "{33CBBEC5-C278-40D7-8007-FA8F3C7E95EC}"
EndProject
Project("{FAE04EC0-301F-11D3-BF4B-00C04F79EFBC}") = "OdontoSys.Application", "OdontoSys.Application\OdontoSys.Application.csproj", "{B96B019F-3DA2-4A86-B877-E99344768CDE}"
EndProject
Project("{FAE04EC0-301F-11D3-BF4B-00C04F79EFBC}") = "OdontoSys.Domain", "OdontoSys.Domain\OdontoSys.Domain.csproj", "{848F8F65-B7B8-42F4-A534-C695449A85DB}"
EndProject
Project("{FAE04EC0-301F-11D3-BF4B-00C04F79EFBC}") = "OdontoSys.Domain.Core", "OdontoSys.Domain.Core\OdontoSys.Domain.Core.csproj", "{8227DB73-DF1F-4C6F-A78A-BA8902793AC6}"
EndProject
Project("{FAE04EC0-301F-11D3-BF4B-00C04F79EFBC}") = "OdontoSys.Domain.Services", "OdontoSys.Domain.Services\OdontoSys.Domain.Services.csproj", "{4F60D783-0614-489B-B23B-9C0A65597D67}"
EndProject
Project("{FAE04EC0-301F-11D3-BF4B-00C04F79EFBC}") = "OdontoSys.Infrastructure", "OdontoSys.Infrastructure\OdontoSys.Infrastructure.csproj", "{958825C4-8AB7-45BA-9C0A-8BE5B64D2D61}"
EndProject
Global
	GlobalSection(SolutionConfigurationPlatforms) = preSolution
		Debug|Any CPU = Debug|Any CPU
		Release|Any CPU = Release|Any CPU
	EndGlobalSection
	GlobalSection(ProjectConfigurationPlatforms) = postSolution
		{33CBBEC5-C278-40D7-8007-FA8F3C7E95EC}.Debug|Any CPU.ActiveCfg = Debug|Any CPU
		{33CBBEC5-C278-40D7-8007-FA8F3C7E95EC}.Debug|Any CPU.Build.0 = Debug|Any CPU
		{33CBBEC5-C278-40D7-8007-FA8F3C7E95EC}.Release|Any CPU.ActiveCfg = Release|Any CPU
		{33CBBEC5-C278-40D7-8007-FA8F3C7E95EC}.Release|Any CPU.Build.0 = Release|Any CPU
		{B96B019F-3DA2-4A86-B877-E99344768CDE}.Debug|Any CPU.ActiveCfg = Debug|Any CPU
		{B96B019F-3DA2-4A86-B877-E99344768CDE}.Debug|Any CPU.Build.0 = Debug|Any CPU
		{B96B019F-3DA2-4A86-B877-E99344768CDE}.Release|Any CPU.ActiveCfg = Release|Any CPU
		{B96B019F-3DA2-4A86-B877-E99344768CDE}.Release|Any CPU.Build.0 = Release|Any CPU
		{848F8F65-B7B8-42F4-A534-C695449A85DB}.Debug|Any CPU.ActiveCfg = Debug|Any CPU
		{848F8F65-B7B8-42F4-A534-C695449A85DB}.Debug|Any CPU.Build.0 = Debug|Any CPU
		{848F8F65-B7B8-42F4-A534-C695449A85DB}.Release|Any CPU.ActiveCfg = Release|Any CPU
		{848F8F65-B7B8-42F4-A534-C695449A85DB}.Release|Any CPU.Build.0 = Release|Any CPU
		{8227DB73-DF1F-4C6F-A78A-BA8902793AC6}.Debug|Any CPU.ActiveCfg = Debug|Any CPU
		{8227DB73-DF1F-4C6F-A78A-BA8902793AC6}.Debug|Any CPU.Build.0 = Debug|Any CPU
		{8227DB73-DF1F-4C6F-A78A-BA8902793AC6}.Release|Any CPU.ActiveCfg = Release|Any CPU
		{8227DB73-DF1F-4C6F-A78A-BA8902793AC6}.Release|Any CPU.Build.0 = Release|Any CPU
		{4F60D783-0614-489B-B23B-9C0A65597D67}.Debug|Any CPU.ActiveCfg = Debug|Any CPU
		{4F60D783-0614-489B-B23B-9C0A65597D67}.Debug|Any CPU.Build.0 = Debug|Any CPU
		{4F60D783-0614-489B-B23B-9C0A65597D67}.Release|Any CPU.ActiveCfg = Release|Any CPU
		{4F60D783-0614-489B-B23B-9C0A65597D67}.Release|Any CPU.Build.0 = Release|Any CPU
		{958825C4-8AB7-45BA-9C0A-8BE5B64D2D61}.Debug|Any CPU.ActiveCfg = Debug|Any CPU
		{958825C4-8AB7-45BA-9C0A-8BE5B64D2D61}.Debug|Any CPU.Build.0 = Debug|Any CPU
		{958825C4-8AB7-45BA-9C0A-8BE5B64D2D61}.Release|Any CPU.ActiveCfg = Release|Any CPU
		{958825C4-8AB7-45BA-9C0A-8BE5B64D2D61}.Release|Any CPU.Build.0 = Release|Any CPU
	EndGlobalSection
	GlobalSection(SolutionProperties) = preSolution
		HideSolutionNode = FALSE
	EndGlobalSection
	GlobalSection(NestedProjects) = preSolution
		{33CBBEC5-C278-40D7-8007-FA8F3C7E95EC} = {CB5CD992-4391-4C77-A8F8-8921E85E1A27}
		{B96B019F-3DA2-4A86-B877-E99344768CDE} = {5A9D4373-C8BB-4487-A6C8-DC9E4B8E674A}
		{848F8F65-B7B8-42F4-A534-C695449A85DB} = {F3F7A537-12F1-4A51-8D19-0D4ABB9C8AC6}
		{8227DB73-DF1F-4C6F-A78A-BA8902793AC6} = {F3F7A537-12F1-4A51-8D19-0D4ABB9C8AC6}
		{4F60D783-0614-489B-B23B-9C0A65597D67} = {F3F7A537-12F1-4A51-8D19-0D4ABB9C8AC6}
		{958825C4-8AB7-45BA-9C0A-8BE5B64D2D61} = {BBDE2C66-004B-4F3D-84CA-2CE1740DCA01}
	EndGlobalSection
	GlobalSection(ExtensibilityGlobals) = postSolution
		SolutionGuid = {D452B022-2F83-430B-B83B-06C108E05D7C}
	EndGlobalSection
EndGlobal
